
Microsoft Visual Studio Solution File, Format Version 12.00
# Visual Studio 15
VisualStudioVersion = 15.0.28307.757
MinimumVisualStudioVersion = 10.0.40219.1
Project("{8BC9CEB8-8B4A-11D0-8D11-00A0C91BC942}") = "GeometryShader", "GeometryShader\GeometryShader.vcxproj", "{91B0DA80-47DA-472F-9BC9-D4FC13E3FA0D}"
EndProject
Global
	GlobalSection(SolutionConfigurationPlatforms) = preSolution
		Debug|x64 = Debug|x64
		Debug|x86 = Debug|x86
		Release|x64 = Release|x64
		Release|x86 = Release|x86
	EndGlobalSection
	GlobalSection(ProjectConfigurationPlatforms) = postSolution
		{91B0DA80-47DA-472F-9BC9-D4FC13E3FA0D}.Debug|x64.ActiveCfg = Debug|x64
		{91B0DA80-47DA-472F-9BC9-D4FC13E3FA0D}.Debug|x64.Build.0 = Debug|x64
		{91B0DA80-47DA-472F-9BC9-D4FC13E3FA0D}.Debug|x86.ActiveCfg = Debug|Win32
		{91B0DA80-47DA-472F-9BC9-D4FC13E3FA0D}.Debug|x86.Build.0 = Debug|Win32
		{91B0DA80-47DA-472F-9BC9-D4FC13E3FA0D}.Release|x64.ActiveCfg = Release|x64
		{91B0DA80-47DA-472F-9BC9-D4FC13E3FA0D}.Release|x64.Build.0 = Release|x64
		{91B0DA80-47DA-472F-9BC9-D4FC13E3FA0D}.Release|x86.ActiveCfg = Release|Win32
		{91B0DA80-47DA-472F-9BC9-D4FC13E3FA0D}.Release|x86.Build.0 = Release|Win32
	EndGlobalSection
	GlobalSection(SolutionProperties) = preSolution
		HideSolutionNode = FALSE
	EndGlobalSection
	GlobalSection(ExtensibilityGlobals) = postSolution
		SolutionGuid = {0A5B9BE9-C5D6-4B1A-A662-74E1B444B02C}
	EndGlobalSection
EndGlobal
